{
  "version": 4,
  "terraform_version": "1.13.5",
  "serial": 4,
  "lineage": "2147fc1e-622b-c19b-1100-c1d49b720c98",
  "outputs": {},
  "resources": [
    {
      "mode": "managed",
      "type": "aws_instance",
      "name": "rhel_server",
      "provider": "provider[\"registry.terraform.io/hashicorp/aws\"]",
      "instances": [
        {
          "schema_version": 2,
          "attributes": {
            "ami": "ami-026fc9b0dc11499dc",
            "arn": "arn:aws:ec2:us-west-2:694151053887:instance/i-042f93f82ba154475",
            "associate_public_ip_address": true,
            "availability_zone": "us-west-2c",
            "capacity_reservation_specification": [
              {
                "capacity_reservation_preference": "open",
                "capacity_reservation_target": []
              }
            ],
            "cpu_options": [
              {
                "amd_sev_snp": "",
                "core_count": 1,
                "nested_virtualization": "",
                "threads_per_core": 1
              }
            ],
            "credit_specification": [
              {
                "cpu_credits": "standard"
              }
            ],
            "disable_api_stop": false,
            "disable_api_termination": false,
            "ebs_block_device": [],
            "ebs_optimized": false,
            "enable_primary_ipv6": null,
            "enclave_options": [
              {
                "enabled": false
              }
            ],
            "ephemeral_block_device": [],
            "force_destroy": false,
            "get_password_data": false,
            "hibernation": false,
            "host_id": "",
            "host_resource_group_arn": null,
            "iam_instance_profile": "",
            "id": "i-042f93f82ba154475",
            "instance_initiated_shutdown_behavior": "stop",
            "instance_lifecycle": "",
            "instance_market_options": [],
            "instance_state": "running",
            "instance_type": "t2.micro",
            "ipv6_address_count": 0,
            "ipv6_addresses": [],
            "key_name": "d417-rhel-key",
            "launch_template": [],
            "maintenance_options": [
              {
                "auto_recovery": "default"
              }
            ],
            "metadata_options": [
              {
                "http_endpoint": "enabled",
                "http_protocol_ipv6": "disabled",
                "http_put_response_hop_limit": 1,
                "http_tokens": "optional",
                "instance_metadata_tags": "disabled"
              }
            ],
            "monitoring": false,
            "network_interface": [],
            "outpost_arn": "",
            "password_data": "",
            "placement_group": "",
            "placement_group_id": "",
            "placement_partition_number": 0,
            "primary_network_interface": [
              {
                "delete_on_termination": true,
                "network_interface_id": "eni-03f19d698e3a63637"
              }
            ],
            "primary_network_interface_id": "eni-03f19d698e3a63637",
            "private_dns": "ip-172-31-13-31.us-west-2.compute.internal",
            "private_dns_name_options": [
              {
                "enable_resource_name_dns_a_record": false,
                "enable_resource_name_dns_aaaa_record": false,
                "hostname_type": "ip-name"
              }
            ],
            "private_ip": "172.31.13.31",
            "public_dns": "ec2-52-37-244-21.us-west-2.compute.amazonaws.com",
            "public_ip": "52.37.244.21",
            "region": "us-west-2",
            "root_block_device": [
              {
                "delete_on_termination": true,
                "device_name": "/dev/sda1",
                "encrypted": false,
                "iops": 3000,
                "kms_key_id": "",
                "tags": {
                  "ca-creator": "student",
                  "ca-environment": "production",
                  "ca-environment-session-id": "2916038",
                  "ca-environment-session-uuid": "11346a67-02bc-4d2c-9821-353e05878e5b",
                  "ca-external-account-id": "62e3c19e9b5d8a005e6faddc",
                  "ca-external-user-id": "69360e51097e9b288f6db540",
                  "ca-laboratory-id": "3423",
                  "ca-laboratory-uuid": "13b9f5fb-f86c-4590-9344-ff33fb9d110d",
                  "ca-persistent": "false",
                  "ca-scope": "lab"
                },
                "tags_all": {
                  "ca-creator": "student",
                  "ca-environment": "production",
                  "ca-environment-session-id": "2916038",
                  "ca-environment-session-uuid": "11346a67-02bc-4d2c-9821-353e05878e5b",
                  "ca-external-account-id": "62e3c19e9b5d8a005e6faddc",
                  "ca-external-user-id": "69360e51097e9b288f6db540",
                  "ca-laboratory-id": "3423",
                  "ca-laboratory-uuid": "13b9f5fb-f86c-4590-9344-ff33fb9d110d",
                  "ca-persistent": "false",
                  "ca-scope": "lab"
                },
                "throughput": 125,
                "volume_id": "vol-05d06e64841c75f25",
                "volume_size": 10,
                "volume_type": "gp3"
              }
            ],
            "secondary_network_interface": [],
            "secondary_private_ips": [],
            "security_groups": [
              "d417-rhel-ssh"
            ],
            "source_dest_check": true,
            "spot_instance_request_id": "",
            "subnet_id": "subnet-06e478423c16b420d",
            "tags": {
              "Name": "D417-RHEL-10",
              "ca-creator": "student",
              "ca-environment": "production",
              "ca-environment-session-id": "2916038",
              "ca-environment-session-uuid": "11346a67-02bc-4d2c-9821-353e05878e5b",
              "ca-external-account-id": "62e3c19e9b5d8a005e6faddc",
              "ca-external-user-id": "69360e51097e9b288f6db540",
              "ca-laboratory-id": "3423",
              "ca-laboratory-uuid": "13b9f5fb-f86c-4590-9344-ff33fb9d110d",
              "ca-persistent": "false",
              "ca-scope": "lab"
            },
            "tags_all": {
              "Name": "D417-RHEL-10",
              "ca-creator": "student",
              "ca-environment": "production",
              "ca-environment-session-id": "2916038",
              "ca-environment-session-uuid": "11346a67-02bc-4d2c-9821-353e05878e5b",
              "ca-external-account-id": "62e3c19e9b5d8a005e6faddc",
              "ca-external-user-id": "69360e51097e9b288f6db540",
              "ca-laboratory-id": "3423",
              "ca-laboratory-uuid": "13b9f5fb-f86c-4590-9344-ff33fb9d110d",
              "ca-persistent": "false",
              "ca-scope": "lab"
            },
            "tenancy": "default",
            "timeouts": null,
            "user_data": null,
            "user_data_base64": null,
            "user_data_replace_on_change": false,
            "volume_tags": null,
            "vpc_security_group_ids": [
              "sg-0fe9f9006893baab2"
            ]
          },
          "sensitive_attributes": [],
          "identity_schema_version": 0,
          "identity": {
            "account_id": "694151053887",
            "id": "i-042f93f82ba154475",
            "region": "us-west-2"
          },
          "private": "eyJlMmJmYjczMC1lY2FhLTExZTYtOGY4OC0zNDM2M2JjN2M0YzAiOnsiY3JlYXRlIjo2MDAwMDAwMDAwMDAsImRlbGV0ZSI6MTIwMDAwMDAwMDAwMCwicmVhZCI6OTAwMDAwMDAwMDAwLCJ1cGRhdGUiOjYwMDAwMDAwMDAwMH0sInNjaGVtYV92ZXJzaW9uIjoiMiJ9",
          "dependencies": [
            "aws_key_pair.d417_key",
            "aws_security_group.ssh_allow"
          ]
        }
      ]
    },
    {
      "mode": "managed",
      "type": "aws_key_pair",
      "name": "d417_key",
      "provider": "provider[\"registry.terraform.io/hashicorp/aws\"]",
      "instances": [
        {
          "schema_version": 1,
          "attributes": {
            "arn": "arn:aws:ec2:us-west-2:694151053887:key-pair/d417-rhel-key",
            "fingerprint": "50:42:ff:0e:0c:e0:02:53:70:7f:57:2a:88:ff:16:ed",
            "id": "d417-rhel-key",
            "key_name": "d417-rhel-key",
            "key_name_prefix": "",
            "key_pair_id": "key-05afc9ab16dd58630",
            "key_type": "rsa",
            "public_key": "ssh-rsa AAAAB3NzaC1yc2EAAAADAQABAAABAQDUDi+I1Op4JdcJkFc0L/Zlu8gpYb0imoeWxLb3gA8dvYwHW9aGoZLKdA1fkwXoNhn5VYLWwJFq30sOszjZYR7Ze0z9gl9SmXOr86yqv5z96q2HeW0lFhIYM2t/Mk/BrHbB81rTaG8Y//0HHqdMhF16Rjmhm8CvR+TGybqLARb+iAal2L0hb9YES1SN8Pw+4Y8+fh4Z6bjNyzhEuviEAjdbbJJwJE/hTeZdQFuwRGAhQcQzUMbVUtdatoqMA5eh7R+eX2opulgmuU8txeq471RyS7D3Og96R7C+thOmIzVS5k1sRDiQslCgWSPV7ki8lOt9x52225u33cyN0IgUfm8l student@ip-10-0-30-103",
            "region": "us-west-2",
            "tags": null,
            "tags_all": {}
          },
          "sensitive_attributes": [],
          "identity_schema_version": 0,
          "private": "eyJzY2hlbWFfdmVyc2lvbiI6IjEifQ=="
        }
      ]
    },
    {
      "mode": "managed",
      "type": "aws_security_group",
      "name": "ssh_allow",
      "provider": "provider[\"registry.terraform.io/hashicorp/aws\"]",
      "instances": [
        {
          "schema_version": 1,
          "attributes": {
            "arn": "arn:aws:ec2:us-west-2:694151053887:security-group/sg-0fe9f9006893baab2",
            "description": "Allow SSH access",
            "egress": [
              {
                "cidr_blocks": [
                  "0.0.0.0/0"
                ],
                "description": "",
                "from_port": 0,
                "ipv6_cidr_blocks": [],
                "prefix_list_ids": [],
                "protocol": "-1",
                "security_groups": [],
                "self": false,
                "to_port": 0
              }
            ],
            "id": "sg-0fe9f9006893baab2",
            "ingress": [
              {
                "cidr_blocks": [
                  "0.0.0.0/0"
                ],
                "description": "",
                "from_port": 22,
                "ipv6_cidr_blocks": [],
                "prefix_list_ids": [],
                "protocol": "tcp",
                "security_groups": [],
                "self": false,
                "to_port": 22
              }
            ],
            "name": "d417-rhel-ssh",
            "name_prefix": "",
            "owner_id": "694151053887",
            "region": "us-west-2",
            "revoke_rules_on_delete": false,
            "tags": null,
            "tags_all": {},
            "timeouts": null,
            "vpc_id": "vpc-02a6c4bf15b95f224"
          },
          "sensitive_attributes": [],
          "identity_schema_version": 0,
          "identity": {
            "account_id": "694151053887",
            "id": "sg-0fe9f9006893baab2",
            "region": "us-west-2"
          },
          "private": "eyJlMmJmYjczMC1lY2FhLTExZTYtOGY4OC0zNDM2M2JjN2M0YzAiOnsiY3JlYXRlIjo2MDAwMDAwMDAwMDAsImRlbGV0ZSI6OTAwMDAwMDAwMDAwfSwic2NoZW1hX3ZlcnNpb24iOiIxIn0="
        }
      ]
    }
  ],
  "check_results": null
}
